
Microsoft Visual Studio Solution File, Format Version 12.00
# Visual Studio 15
Project("{FAE04EC0-301F-11D3-BF4B-00C04F79EFBC}") = "Assembly-CSharp", "Assembly-CSharp.csproj", "{9201BE1F-A88C-C7DA-394B-E23C29121F7B}"
EndProject
Project("{FAE04EC0-301F-11D3-BF4B-00C04F79EFBC}") = "Assembly-CSharp-Editor", "Assembly-CSharp-Editor.csproj", "{A82B20A8-59D1-3552-FF12-A3E9EF72A7F4}"
EndProject
Global
	GlobalSection(SolutionConfigurationPlatforms) = preSolution
		Debug|Any CPU = Debug|Any CPU
		Release|Any CPU = Release|Any CPU
	EndGlobalSection
	GlobalSection(ProjectConfigurationPlatforms) = postSolution
		{9201BE1F-A88C-C7DA-394B-E23C29121F7B}.Debug|Any CPU.ActiveCfg = Debug|Any CPU
		{9201BE1F-A88C-C7DA-394B-E23C29121F7B}.Debug|Any CPU.Build.0 = Debug|Any CPU
		{9201BE1F-A88C-C7DA-394B-E23C29121F7B}.Release|Any CPU.ActiveCfg = Release|Any CPU
		{9201BE1F-A88C-C7DA-394B-E23C29121F7B}.Release|Any CPU.Build.0 = Release|Any CPU
		{A82B20A8-59D1-3552-FF12-A3E9EF72A7F4}.Debug|Any CPU.ActiveCfg = Debug|Any CPU
		{A82B20A8-59D1-3552-FF12-A3E9EF72A7F4}.Debug|Any CPU.Build.0 = Debug|Any CPU
		{A82B20A8-59D1-3552-FF12-A3E9EF72A7F4}.Release|Any CPU.ActiveCfg = Release|Any CPU
		{A82B20A8-59D1-3552-FF12-A3E9EF72A7F4}.Release|Any CPU.Build.0 = Release|Any CPU
	EndGlobalSection
	GlobalSection(SolutionProperties) = preSolution
		HideSolutionNode = FALSE
	EndGlobalSection
EndGlobal
