
Microsoft Visual Studio Solution File, Format Version 12.00
# Visual Studio 15
Project("{FAE04EC0-301F-11D3-BF4B-00C04F79EFBC}") = "Assembly-CSharp", "Assembly-CSharp.csproj", "{EDEAB2F9-AB02-9773-20D3-5452252D115D}"
EndProject
Project("{FAE04EC0-301F-11D3-BF4B-00C04F79EFBC}") = "Assembly-CSharp-Editor", "Assembly-CSharp-Editor.csproj", "{296473D4-4498-F4BF-778A-AFABEFA2BA18}"
EndProject
Global
	GlobalSection(SolutionConfigurationPlatforms) = preSolution
		Debug|Any CPU = Debug|Any CPU
		Release|Any CPU = Release|Any CPU
	EndGlobalSection
	GlobalSection(ProjectConfigurationPlatforms) = postSolution
		{EDEAB2F9-AB02-9773-20D3-5452252D115D}.Debug|Any CPU.ActiveCfg = Debug|Any CPU
		{EDEAB2F9-AB02-9773-20D3-5452252D115D}.Debug|Any CPU.Build.0 = Debug|Any CPU
		{EDEAB2F9-AB02-9773-20D3-5452252D115D}.Release|Any CPU.ActiveCfg = Release|Any CPU
		{EDEAB2F9-AB02-9773-20D3-5452252D115D}.Release|Any CPU.Build.0 = Release|Any CPU
		{296473D4-4498-F4BF-778A-AFABEFA2BA18}.Debug|Any CPU.ActiveCfg = Debug|Any CPU
		{296473D4-4498-F4BF-778A-AFABEFA2BA18}.Debug|Any CPU.Build.0 = Debug|Any CPU
		{296473D4-4498-F4BF-778A-AFABEFA2BA18}.Release|Any CPU.ActiveCfg = Release|Any CPU
		{296473D4-4498-F4BF-778A-AFABEFA2BA18}.Release|Any CPU.Build.0 = Release|Any CPU
	EndGlobalSection
	GlobalSection(SolutionProperties) = preSolution
		HideSolutionNode = FALSE
	EndGlobalSection
EndGlobal
